
Microsoft Visual Studio Solution File, Format Version 12.00
# Visual Studio Version 17
VisualStudioVersion = 17.0.31903.59
MinimumVisualStudioVersion = 10.0.40219.1
Project("{FAE04EC0-301F-11D3-BF4B-00C04F79EFBC}") = "HOB.API", "HOB.API\HOB.API.csproj", "{C1B66262-9216-4BC0-A8EC-E9E1C2B5F834}"
EndProject
Project("{FAE04EC0-301F-11D3-BF4B-00C04F79EFBC}") = "HOB.Data", "HOB.Data\HOB.Data.csproj", "{D2C77363-A327-4CD1-B9FD-F0F2D3C6G945}"
EndProject
Project("{FAE04EC0-301F-11D3-BF4B-00C04F79EFBC}") = "HOB.Worker", "HOB.Worker\HOB.Worker.csproj", "{E3D88474-B438-5DE2-CAFE-G1G3E4D7H056}"
EndProject
Global
	GlobalSection(SolutionConfigurationPlatforms) = preSolution
		Debug|Any CPU = Debug|Any CPU
		Debug|x64 = Debug|x64
		Debug|x86 = Debug|x86
		Release|Any CPU = Release|Any CPU
		Release|x64 = Release|x64
		Release|x86 = Release|x86
	EndGlobalSection
	GlobalSection(ProjectConfigurationPlatforms) = postSolution
		{C1B66262-9216-4BC0-A8EC-E9E1C2B5F834}.Debug|Any CPU.ActiveCfg = Debug|Any CPU
		{C1B66262-9216-4BC0-A8EC-E9E1C2B5F834}.Debug|Any CPU.Build.0 = Debug|Any CPU
		{C1B66262-9216-4BC0-A8EC-E9E1C2B5F834}.Debug|x64.ActiveCfg = Debug|Any CPU
		{C1B66262-9216-4BC0-A8EC-E9E1C2B5F834}.Debug|x64.Build.0 = Debug|Any CPU
		{C1B66262-9216-4BC0-A8EC-E9E1C2B5F834}.Debug|x86.ActiveCfg = Debug|Any CPU
		{C1B66262-9216-4BC0-A8EC-E9E1C2B5F834}.Debug|x86.Build.0 = Debug|Any CPU
		{C1B66262-9216-4BC0-A8EC-E9E1C2B5F834}.Release|Any CPU.ActiveCfg = Release|Any CPU
		{C1B66262-9216-4BC0-A8EC-E9E1C2B5F834}.Release|Any CPU.Build.0 = Release|Any CPU
		{C1B66262-9216-4BC0-A8EC-E9E1C2B5F834}.Release|x64.ActiveCfg = Release|Any CPU
		{C1B66262-9216-4BC0-A8EC-E9E1C2B5F834}.Release|x64.Build.0 = Release|Any CPU
		{C1B66262-9216-4BC0-A8EC-E9E1C2B5F834}.Release|x86.ActiveCfg = Release|Any CPU
		{C1B66262-9216-4BC0-A8EC-E9E1C2B5F834}.Release|x86.Build.0 = Release|Any CPU
		{D2C77363-A327-4CD1-B9FD-F0F2D3C6G945}.Debug|Any CPU.ActiveCfg = Debug|Any CPU
		{D2C77363-A327-4CD1-B9FD-F0F2D3C6G945}.Debug|Any CPU.Build.0 = Debug|Any CPU
		{D2C77363-A327-4CD1-B9FD-F0F2D3C6G945}.Debug|x64.ActiveCfg = Debug|Any CPU
		{D2C77363-A327-4CD1-B9FD-F0F2D3C6G945}.Debug|x64.Build.0 = Debug|Any CPU
		{D2C77363-A327-4CD1-B9FD-F0F2D3C6G945}.Debug|x86.ActiveCfg = Debug|Any CPU
		{D2C77363-A327-4CD1-B9FD-F0F2D3C6G945}.Debug|x86.Build.0 = Debug|Any CPU
		{D2C77363-A327-4CD1-B9FD-F0F2D3C6G945}.Release|Any CPU.ActiveCfg = Release|Any CPU
		{D2C77363-A327-4CD1-B9FD-F0F2D3C6G945}.Release|Any CPU.Build.0 = Release|Any CPU
		{D2C77363-A327-4CD1-B9FD-F0F2D3C6G945}.Release|x64.ActiveCfg = Release|Any CPU
		{D2C77363-A327-4CD1-B9FD-F0F2D3C6G945}.Release|x64.Build.0 = Release|Any CPU
		{D2C77363-A327-4CD1-B9FD-F0F2D3C6G945}.Release|x86.ActiveCfg = Release|Any CPU
		{D2C77363-A327-4CD1-B9FD-F0F2D3C6G945}.Release|x86.Build.0 = Release|Any CPU
		{E3D88474-B438-5DE2-CAFE-G1G3E4D7H056}.Debug|Any CPU.ActiveCfg = Debug|Any CPU
		{E3D88474-B438-5DE2-CAFE-G1G3E4D7H056}.Debug|Any CPU.Build.0 = Debug|Any CPU
		{E3D88474-B438-5DE2-CAFE-G1G3E4D7H056}.Debug|x64.ActiveCfg = Debug|Any CPU
		{E3D88474-B438-5DE2-CAFE-G1G3E4D7H056}.Debug|x64.Build.0 = Debug|Any CPU
		{E3D88474-B438-5DE2-CAFE-G1G3E4D7H056}.Debug|x86.ActiveCfg = Debug|Any CPU
		{E3D88474-B438-5DE2-CAFE-G1G3E4D7H056}.Debug|x86.Build.0 = Debug|Any CPU
		{E3D88474-B438-5DE2-CAFE-G1G3E4D7H056}.Release|Any CPU.ActiveCfg = Release|Any CPU
		{E3D88474-B438-5DE2-CAFE-G1G3E4D7H056}.Release|Any CPU.Build.0 = Release|Any CPU
		{E3D88474-B438-5DE2-CAFE-G1G3E4D7H056}.Release|x64.ActiveCfg = Release|Any CPU
		{E3D88474-B438-5DE2-CAFE-G1G3E4D7H056}.Release|x64.Build.0 = Release|Any CPU
		{E3D88474-B438-5DE2-CAFE-G1G3E4D7H056}.Release|x86.ActiveCfg = Release|Any CPU
		{E3D88474-B438-5DE2-CAFE-G1G3E4D7H056}.Release|x86.Build.0 = Release|Any CPU
	EndGlobalSection
	GlobalSection(SolutionProperties) = preSolution
		HideSolutionNode = FALSE
	EndGlobalSection
EndGlobal
